Microsoft Visual Studio Solution File, Format Version 12.00
# Visual Studio Version 18
VisualStudioVersion = 18.0.11205.157 d18.0
MinimumVisualStudioVersion = 10.0.40219.1
Project("{9A19103F-16F7-4668-BE54-9A1E7A4F7556}") = "AgentChatConsole", "AgentChatConsole.csproj", "{A219875B-8364-4901-A882-DD83B1C9F46A}"
EndProject
Global
	GlobalSection(SolutionConfigurationPlatforms) = preSolution
		Debug|Any CPU = Debug|Any CPU
		Release|Any CPU = Release|Any CPU
	EndGlobalSection
	GlobalSection(ProjectConfigurationPlatforms) = postSolution
		{A219875B-8364-4901-A882-DD83B1C9F46A}.Debug|Any CPU.ActiveCfg = Debug|Any CPU
		{A219875B-8364-4901-A882-DD83B1C9F46A}.Debug|Any CPU.Build.0 = Debug|Any CPU
		{A219875B-8364-4901-A882-DD83B1C9F46A}.Release|Any CPU.ActiveCfg = Release|Any CPU
		{A219875B-8364-4901-A882-DD83B1C9F46A}.Release|Any CPU.Build.0 = Release|Any CPU
		{006E896F-BEB9-BCC8-DDE9-79F7F672E91F}.Debug|Any CPU.ActiveCfg = Debug|Any CPU
		{006E896F-BEB9-BCC8-DDE9-79F7F672E91F}.Debug|Any CPU.Build.0 = Debug|Any CPU
		{006E896F-BEB9-BCC8-DDE9-79F7F672E91F}.Release|Any CPU.ActiveCfg = Release|Any CPU
		{006E896F-BEB9-BCC8-DDE9-79F7F672E91F}.Release|Any CPU.Build.0 = Release|Any CPU
	EndGlobalSection
	GlobalSection(SolutionProperties) = preSolution
		HideSolutionNode = FALSE
	EndGlobalSection
EndGlobal
